
Microsoft Visual Studio Solution File, Format Version 12.00
# Visual Studio Version 17
VisualStudioVersion = 17.6.33815.320
MinimumVisualStudioVersion = 10.0.40219.1
Project("{9A19103F-16F7-4668-BE54-9A1E7A4F7556}") = "PokemonReviewApp", "PokemonReviewApp\PokemonReviewApp.csproj", "{B780542F-6DDB-406A-AE34-60EC2A778A8F}"
EndProject
Project("{FAE04EC0-301F-11D3-BF4B-00C04F79EFBC}") = "PokemonReviewApp.Tests", "PokemonReviewApp.Tests\PokemonReviewApp.Tests.csproj", "{E1DDCDB3-524E-4DDA-9855-47B20C1FC4AA}"
EndProject
Global
	GlobalSection(SolutionConfigurationPlatforms) = preSolution
		Debug|Any CPU = Debug|Any CPU
		Release|Any CPU = Release|Any CPU
	EndGlobalSection
	GlobalSection(ProjectConfigurationPlatforms) = postSolution
		{B780542F-6DDB-406A-AE34-60EC2A778A8F}.Debug|Any CPU.ActiveCfg = Debug|Any CPU
		{B780542F-6DDB-406A-AE34-60EC2A778A8F}.Debug|Any CPU.Build.0 = Debug|Any CPU
		{B780542F-6DDB-406A-AE34-60EC2A778A8F}.Release|Any CPU.ActiveCfg = Release|Any CPU
		{B780542F-6DDB-406A-AE34-60EC2A778A8F}.Release|Any CPU.Build.0 = Release|Any CPU
		{E1DDCDB3-524E-4DDA-9855-47B20C1FC4AA}.Debug|Any CPU.ActiveCfg = Debug|Any CPU
		{E1DDCDB3-524E-4DDA-9855-47B20C1FC4AA}.Debug|Any CPU.Build.0 = Debug|Any CPU
		{E1DDCDB3-524E-4DDA-9855-47B20C1FC4AA}.Release|Any CPU.ActiveCfg = Release|Any CPU
		{E1DDCDB3-524E-4DDA-9855-47B20C1FC4AA}.Release|Any CPU.Build.0 = Release|Any CPU
	EndGlobalSection
	GlobalSection(SolutionProperties) = preSolution
		HideSolutionNode = FALSE
	EndGlobalSection
	GlobalSection(ExtensibilityGlobals) = postSolution
		SolutionGuid = {E3E177C8-12D8-45AF-90D0-1EFCB090C6AA}
	EndGlobalSection
EndGlobal
